{
  "name": "SATTRIX_SOFTWARE-",
  "lockfileVersion": 3,
  "requires": true,
  "packages": {
    "": {
      "dependencies": {
        "better-commit": "^3.1.1"
      }
    },
    "node_modules/balanced-match": {
      "version": "1.0.2",
      "resolved": "https://registry.npmjs.org/balanced-match/-/balanced-match-1.0.2.tgz",
      "integrity": "sha512-3oSeUO0TMV67hN1AmbXsK4yaqU7tjiHlbxRDZOpH0KW9+CeX4bRAaX0Anxt0tx2MrpRpWwQaPwIlISEJhYU5Pw=="
    },
    "node_modules/better-commit": {
      "version": "3.1.1",
      "resolved": "https://registry.npmjs.org/better-commit/-/better-commit-3.1.1.tgz",
      "integrity": "sha512-7HXmDb1OKoJ+/6guBiPE3rxP2SuufEqOkyui/r8YR/hfpawilDNLeMDcxVKiGlUbUnsDLV84nGTyed3hxHrQmg==",
      "dependencies": {
        "better-commit-autocorrect": "^3.0.4",
        "better-commit-emoji": "^3.0.4",
        "better-commit-prepend-branch": "^3.0.3",
        "cli-plugins": "^1.0.0",
        "fs-jetpack": "^2.1.1"
      },
      "bin": {
        "better-commit": "src/index.js"
      }
    },
    "node_modules/better-commit-autocorrect": {
      "version": "3.0.4",
      "resolved": "https://registry.npmjs.org/better-commit-autocorrect/-/better-commit-autocorrect-3.0.4.tgz",
      "integrity": "sha512-WNxpkS5RTGIkDF9VPKqT3tcrV6gqOgSsccX8sONT6MYz4CfWaLX1X5XxGSfXif3r2HP9SxJD8TnPktJXsGv21Q==",
      "dependencies": {
        "dictionary-en-us": "^2.0.0",
        "nspell": "^2.1.0"
      },
      "peerDependencies": {
        "better-commit": "*"
      }
    },
    "node_modules/better-commit-emoji": {
      "version": "3.0.4",
      "resolved": "https://registry.npmjs.org/better-commit-emoji/-/better-commit-emoji-3.0.4.tgz",
      "integrity": "sha512-sZxhjPZVdlIH/LoviwxHn3xdhJCPyFfTzPjhLgpI/EwX0El/c4dvuVJXms0VlGXZ1rYGcyeKidLUSF6t1TEZkw==",
      "dependencies": {
        "random-emoji": "^1.0.2"
      },
      "peerDependencies": {
        "better-commit": "*"
      }
    },
    "node_modules/better-commit-prepend-branch": {
      "version": "3.0.3",
      "resolved": "https://registry.npmjs.org/better-commit-prepend-branch/-/better-commit-prepend-branch-3.0.3.tgz",
      "integrity": "sha512-D3jME5zNbAbsILA09wWtkA9j26Uqa4Pbn0dw30uLBLT9b7HnO58jm5eRGLTVyBAy+huNdnDwmiOazli9VyL5fg==",
      "peerDependencies": {
        "better-commit": "*"
      }
    },
    "node_modules/brace-expansion": {
      "version": "1.1.11",
      "resolved": "https://registry.npmjs.org/brace-expansion/-/brace-expansion-1.1.11.tgz",
      "integrity": "sha512-iCuPHDFgrHX7H2vEI/5xpz07zSHB00TpugqhmYtVmMO6518mCuRMoOYFldEBl0g187ufozdaHgWKcYFb61qGiA==",
      "dependencies": {
        "balanced-match": "^1.0.0",
        "concat-map": "0.0.1"
      }
    },
    "node_modules/cli-plugins": {
      "version": "1.0.1",
      "resolved": "https://registry.npmjs.org/cli-plugins/-/cli-plugins-1.0.1.tgz",
      "integrity": "sha512-tFX5LoBXcyAtq0J460nwaAiuTpjfARtNKTmSj0z0f39+FSXAnmbxy1vCsq2nAc01qbStvCqAGT51p6maxVbD3w==",
      "dependencies": {
        "fs-jetpack": "^2.2.0"
      }
    },
    "node_modules/concat-map": {
      "version": "0.0.1",
      "resolved": "https://registry.npmjs.org/concat-map/-/concat-map-0.0.1.tgz",
      "integrity": "sha512-/Srv4dswyQNBfohGpz9o6Yb3Gz3SrUDqBH5rTuhGR7ahtlbYKnVxw2bCFMRljaA7EXHaXZ8wsHdodFvbkhKmqg=="
    },
    "node_modules/dictionary-en-us": {
      "version": "2.2.1",
      "resolved": "https://registry.npmjs.org/dictionary-en-us/-/dictionary-en-us-2.2.1.tgz",
      "integrity": "sha512-Z8mycV0ywTfjbUTi0JZfQHqBZhu4CYFtpf7KluSGpt3xHpFlal2S/hiK50tlPynOtR5K3pG5wCradnz1yxwOHA==",
      "funding": {
        "type": "github",
        "url": "https://github.com/sponsors/wooorm"
      }
    },
    "node_modules/emoji-named-characters": {
      "version": "1.0.2",
      "resolved": "https://registry.npmjs.org/emoji-named-characters/-/emoji-named-characters-1.0.2.tgz",
      "integrity": "sha512-F9uKjyRsj7qjqZh7yjgHYa7XCgJgGI+nHTUqxkq/TDGuq0wLFbUX0wNes3XC6OA2j2Uu8PaeZD6hvCu5eO3lTA==",
      "deprecated": "This package is no longer maintained"
    },
    "node_modules/fs-jetpack": {
      "version": "2.4.0",
      "resolved": "https://registry.npmjs.org/fs-jetpack/-/fs-jetpack-2.4.0.tgz",
      "integrity": "sha512-S/o9Dd7K9A7gicVU32eT8G0kHcmSu0rCVdP79P0MWInKFb8XpTc8Syhoo66k9no+HDshtlh4pUJTws8X+8fdFQ==",
      "dependencies": {
        "minimatch": "^3.0.2",
        "rimraf": "^2.6.3"
      },
      "engines": {
        "node": ">=4"
      }
    },
    "node_modules/fs.realpath": {
      "version": "1.0.0",
      "resolved": "https://registry.npmjs.org/fs.realpath/-/fs.realpath-1.0.0.tgz",
      "integrity": "sha512-OO0pH2lK6a0hZnAdau5ItzHPI6pUlvI7jMVnxUQRtw4owF2wk8lOSabtGDCTP4Ggrg2MbGnWO9X8K1t4+fGMDw=="
    },
    "node_modules/glob": {
      "version": "7.2.3",
      "resolved": "https://registry.npmjs.org/glob/-/glob-7.2.3.tgz",
      "integrity": "sha512-nFR0zLpU2YCaRxwoCJvL6UvCH2JFyFVIvwTLsIf21AuHlMskA1hhTdk+LlYJtOlYt9v6dvszD2BGRqBL+iQK9Q==",
      "dependencies": {
        "fs.realpath": "^1.0.0",
        "inflight": "^1.0.4",
        "inherits": "2",
        "minimatch": "^3.1.1",
        "once": "^1.3.0",
        "path-is-absolute": "^1.0.0"
      },
      "engines": {
        "node": "*"
      },
      "funding": {
        "url": "https://github.com/sponsors/isaacs"
      }
    },
    "node_modules/inflight": {
      "version": "1.0.6",
      "resolved": "https://registry.npmjs.org/inflight/-/inflight-1.0.6.tgz",
      "integrity": "sha512-k92I/b08q4wvFscXCLvqfsHCrjrF7yiXsQuIVvVE7N82W3+aqpzuUdBbfhWcy/FZR3/4IgflMgKLOsvPDrGCJA==",
      "dependencies": {
        "once": "^1.3.0",
        "wrappy": "1"
      }
    },
    "node_modules/inherits": {
      "version": "2.0.4",
      "resolved": "https://registry.npmjs.org/inherits/-/inherits-2.0.4.tgz",
      "integrity": "sha512-k/vGaX4/Yla3WzyMCvTQOXYeIHvqOKtnqBduzTHpzpQZzAskKMhZ2K+EnBiSM9zGSoIFeMpXKxa4dYeZIQqewQ=="
    },
    "node_modules/is-buffer": {
      "version": "2.0.5",
      "resolved": "https://registry.npmjs.org/is-buffer/-/is-buffer-2.0.5.tgz",
      "integrity": "sha512-i2R6zNFDwgEHJyQUtJEk0XFi1i0dPFn/oqjK3/vPCcDeJvW5NQ83V8QbicfF1SupOaB0h8ntgBC2YiE7dfyctQ==",
      "funding": [
        {
          "type": "github",
          "url": "https://github.com/sponsors/feross"
        },
        {
          "type": "patreon",
          "url": "https://www.patreon.com/feross"
        },
        {
          "type": "consulting",
          "url": "https://feross.org/support"
        }
      ],
      "engines": {
        "node": ">=4"
      }
    },
    "node_modules/lodash.shuffle": {
      "version": "4.2.0",
      "resolved": "https://registry.npmjs.org/lodash.shuffle/-/lodash.shuffle-4.2.0.tgz",
      "integrity": "sha512-V/rTAABKLFjoecTZjKSv+A1ZomG8hZg8hlgeG6wwQVD9AGv+10zqqSf6mFq2tVA703Zd5R0YhSuSlXA+E/Ei+Q=="
    },
    "node_modules/minimatch": {
      "version": "3.1.2",
      "resolved": "https://registry.npmjs.org/minimatch/-/minimatch-3.1.2.tgz",
      "integrity": "sha512-J7p63hRiAjw1NDEww1W7i37+ByIrOWO5XQQAzZ3VOcL0PNybwpfmV/N05zFAzwQ9USyEcX6t3UO+K5aqBQOIHw==",
      "dependencies": {
        "brace-expansion": "^1.1.7"
      },
      "engines": {
        "node": "*"
      }
    },
    "node_modules/nspell": {
      "version": "2.1.5",
      "resolved": "https://registry.npmjs.org/nspell/-/nspell-2.1.5.tgz",
      "integrity": "sha512-PSStyugKMiD9mHmqI/CR5xXrSIGejUXPlo88FBRq5Og1kO5QwQ5Ilu8D8O5I/SHpoS+mibpw6uKA8rd3vXd2Sg==",
      "dependencies": {
        "is-buffer": "^2.0.0"
      }
    },
    "node_modules/once": {
      "version": "1.4.0",
      "resolved": "https://registry.npmjs.org/once/-/once-1.4.0.tgz",
      "integrity": "sha512-lNaJgI+2Q5URQBkccEKHTQOPaXdUxnZZElQTZY0MFUAuaEqe1E+Nyvgdz/aIyNi6Z9MzO5dv1H8n58/GELp3+w==",
      "dependencies": {
        "wrappy": "1"
      }
    },
    "node_modules/path-is-absolute": {
      "version": "1.0.1",
      "resolved": "https://registry.npmjs.org/path-is-absolute/-/path-is-absolute-1.0.1.tgz",
      "integrity": "sha512-AVbw3UJ2e9bq64vSaS9Am0fje1Pa8pbGqTTsmXfaIiMpnr5DlDhfJOuLj9Sf95ZPVDAUerDfEk88MPmPe7UCQg==",
      "engines": {
        "node": ">=0.10.0"
      }
    },
    "node_modules/random-emoji": {
      "version": "1.0.2",
      "resolved": "https://registry.npmjs.org/random-emoji/-/random-emoji-1.0.2.tgz",
      "integrity": "sha512-eyk84bFq1aw/wzW4RwzmKgZ8iqtzoGmkAVtLZsPPwwdQnlj7DE/qfSezoJHmvZpNHhU5zw9mcXrUbGS+g8cgFg==",
      "deprecated": "This package is no longer maintained",
      "dependencies": {
        "emoji-named-characters": "^1.0.2",
        "lodash.shuffle": "^4.1.0"
      }
    },
    "node_modules/rimraf": {
      "version": "2.7.1",
      "resolved": "https://registry.npmjs.org/rimraf/-/rimraf-2.7.1.tgz",
      "integrity": "sha512-uWjbaKIK3T1OSVptzX7Nl6PvQ3qAGtKEtVRjRuazjfL3Bx5eI409VZSqgND+4UNnmzLVdPj9FqFJNPqBZFve4w==",
      "dependencies": {
        "glob": "^7.1.3"
      },
      "bin": {
        "rimraf": "bin.js"
      }
    },
    "node_modules/wrappy": {
      "version": "1.0.2",
      "resolved": "https://registry.npmjs.org/wrappy/-/wrappy-1.0.2.tgz",
      "integrity": "sha512-l4Sp/DRseor9wL6EvV2+TuQn63dMkPjZ/sp9XkghTEbV9KlPS1xUsZ3u7/IQO4wxtcFB4bgpQPRcR3QCvezPcQ=="
    }
  }
}
